
Microsoft Visual Studio Solution File, Format Version 12.00
Project("{FAE04EC0-301F-11D3-BF4B-00C04F79EFBC}") = "L5Sharp", "L5Sharp.csproj", "{1C401968-C9AA-41AF-8D18-93605D123AFF}"
EndProject
Project("{2150E333-8FDC-42A3-9474-1A3956D46DE8}") = "Tests", "Tests", "{337B58B2-5647-4088-8CB3-50B3752B04D8}"
EndProject
Project("{FAE04EC0-301F-11D3-BF4B-00C04F79EFBC}") = "L5Sharp.Primitives.Tests", "..\..\tests\L5Sharp.Primitives.Tests\L5Sharp.Primitives.Tests.csproj", "{49824AD6-5AE2-434F-AE18-A3B9011BA06C}"
EndProject
Project("{FAE04EC0-301F-11D3-BF4B-00C04F79EFBC}") = "L5Sharp.Builder.Tests", "..\..\tests\L5Sharp.Builder.Tests\L5Sharp.Builder.Tests.csproj", "{B771051E-EF90-4E94-B8F8-81A761914A04}"
EndProject
Project("{FAE04EC0-301F-11D3-BF4B-00C04F79EFBC}") = "L5Sharp.Serialization.Tests", "..\..\tests\L5Sharp.Serialization.Tests\L5Sharp.Serialization.Tests.csproj", "{AFE7CA3D-C023-44D8-A7B2-0227986A1EFC}"
EndProject
Project("{FAE04EC0-301F-11D3-BF4B-00C04F79EFBC}") = "L5Sharp.Parsers.Tests", "..\..\tests\L5Sharp.Parsers.Tests\L5Sharp.Parsers.Tests.csproj", "{57345639-312F-4C9E-984C-C71B75F3BA4E}"
EndProject
Global
	GlobalSection(SolutionConfigurationPlatforms) = preSolution
		Debug|Any CPU = Debug|Any CPU
		Release|Any CPU = Release|Any CPU
	EndGlobalSection
	GlobalSection(ProjectConfigurationPlatforms) = postSolution
		{1C401968-C9AA-41AF-8D18-93605D123AFF}.Debug|Any CPU.ActiveCfg = Debug|Any CPU
		{1C401968-C9AA-41AF-8D18-93605D123AFF}.Debug|Any CPU.Build.0 = Debug|Any CPU
		{1C401968-C9AA-41AF-8D18-93605D123AFF}.Release|Any CPU.ActiveCfg = Release|Any CPU
		{1C401968-C9AA-41AF-8D18-93605D123AFF}.Release|Any CPU.Build.0 = Release|Any CPU
		{49824AD6-5AE2-434F-AE18-A3B9011BA06C}.Debug|Any CPU.ActiveCfg = Debug|Any CPU
		{49824AD6-5AE2-434F-AE18-A3B9011BA06C}.Debug|Any CPU.Build.0 = Debug|Any CPU
		{49824AD6-5AE2-434F-AE18-A3B9011BA06C}.Release|Any CPU.ActiveCfg = Release|Any CPU
		{49824AD6-5AE2-434F-AE18-A3B9011BA06C}.Release|Any CPU.Build.0 = Release|Any CPU
		{B771051E-EF90-4E94-B8F8-81A761914A04}.Debug|Any CPU.ActiveCfg = Debug|Any CPU
		{B771051E-EF90-4E94-B8F8-81A761914A04}.Debug|Any CPU.Build.0 = Debug|Any CPU
		{B771051E-EF90-4E94-B8F8-81A761914A04}.Release|Any CPU.ActiveCfg = Release|Any CPU
		{B771051E-EF90-4E94-B8F8-81A761914A04}.Release|Any CPU.Build.0 = Release|Any CPU
		{AFE7CA3D-C023-44D8-A7B2-0227986A1EFC}.Debug|Any CPU.ActiveCfg = Debug|Any CPU
		{AFE7CA3D-C023-44D8-A7B2-0227986A1EFC}.Debug|Any CPU.Build.0 = Debug|Any CPU
		{AFE7CA3D-C023-44D8-A7B2-0227986A1EFC}.Release|Any CPU.ActiveCfg = Release|Any CPU
		{AFE7CA3D-C023-44D8-A7B2-0227986A1EFC}.Release|Any CPU.Build.0 = Release|Any CPU
		{57345639-312F-4C9E-984C-C71B75F3BA4E}.Debug|Any CPU.ActiveCfg = Debug|Any CPU
		{57345639-312F-4C9E-984C-C71B75F3BA4E}.Debug|Any CPU.Build.0 = Debug|Any CPU
		{57345639-312F-4C9E-984C-C71B75F3BA4E}.Release|Any CPU.ActiveCfg = Release|Any CPU
		{57345639-312F-4C9E-984C-C71B75F3BA4E}.Release|Any CPU.Build.0 = Release|Any CPU
	EndGlobalSection
	GlobalSection(NestedProjects) = preSolution
		{49824AD6-5AE2-434F-AE18-A3B9011BA06C} = {337B58B2-5647-4088-8CB3-50B3752B04D8}
		{B771051E-EF90-4E94-B8F8-81A761914A04} = {337B58B2-5647-4088-8CB3-50B3752B04D8}
		{AFE7CA3D-C023-44D8-A7B2-0227986A1EFC} = {337B58B2-5647-4088-8CB3-50B3752B04D8}
		{57345639-312F-4C9E-984C-C71B75F3BA4E} = {337B58B2-5647-4088-8CB3-50B3752B04D8}
	EndGlobalSection
EndGlobal
