
Microsoft Visual Studio Solution File, Format Version 12.00
Project("{FAE04EC0-301F-11D3-BF4B-00C04F79EFBC}") = "L5XParser", "L5XParser.csproj", "{93BCA194-62A6-4400-B3D0-1CC0EA1E0AFD}"
EndProject
Project("{2150E333-8FDC-42A3-9474-1A3956D46DE8}") = "Tests", "Tests", "{787B6E6A-7549-4C39-81A8-86E8B876D8E4}"
EndProject
Project("{FAE04EC0-301F-11D3-BF4B-00C04F79EFBC}") = "L5XParser.Tests", "..\..\tests\L5XParser.Tests\L5XParser.Tests.csproj", "{D351A501-B550-48DB-A30C-22722131D94F}"
EndProject
Global
	GlobalSection(SolutionConfigurationPlatforms) = preSolution
		Debug|Any CPU = Debug|Any CPU
		Release|Any CPU = Release|Any CPU
	EndGlobalSection
	GlobalSection(ProjectConfigurationPlatforms) = postSolution
		{93BCA194-62A6-4400-B3D0-1CC0EA1E0AFD}.Debug|Any CPU.ActiveCfg = Debug|Any CPU
		{93BCA194-62A6-4400-B3D0-1CC0EA1E0AFD}.Debug|Any CPU.Build.0 = Debug|Any CPU
		{93BCA194-62A6-4400-B3D0-1CC0EA1E0AFD}.Release|Any CPU.ActiveCfg = Release|Any CPU
		{93BCA194-62A6-4400-B3D0-1CC0EA1E0AFD}.Release|Any CPU.Build.0 = Release|Any CPU
		{D351A501-B550-48DB-A30C-22722131D94F}.Debug|Any CPU.ActiveCfg = Debug|Any CPU
		{D351A501-B550-48DB-A30C-22722131D94F}.Debug|Any CPU.Build.0 = Debug|Any CPU
		{D351A501-B550-48DB-A30C-22722131D94F}.Release|Any CPU.ActiveCfg = Release|Any CPU
		{D351A501-B550-48DB-A30C-22722131D94F}.Release|Any CPU.Build.0 = Release|Any CPU
	EndGlobalSection
	GlobalSection(NestedProjects) = preSolution
		{D351A501-B550-48DB-A30C-22722131D94F} = {787B6E6A-7549-4C39-81A8-86E8B876D8E4}
	EndGlobalSection
EndGlobal
