
Microsoft Visual Studio Solution File, Format Version 12.00
Project("{2150E333-8FDC-42A3-9474-1A3956D46DE8}") = "Tests", "Tests", "{337B58B2-5647-4088-8CB3-50B3752B04D8}"
EndProject
Project("{FAE04EC0-301F-11D3-BF4B-00C04F79EFBC}") = "L5Sharp.Tests.Core", "..\tests\L5Sharp.Tests.Core\L5Sharp.Tests.Core.csproj", "{FED5FACA-5568-4A3F-94C0-536D9E36CA26}"
EndProject
Project("{FAE04EC0-301F-11D3-BF4B-00C04F79EFBC}") = "L5Sharp.Samples", "..\tests\L5Sharp.Samples\L5Sharp.Samples.csproj", "{EBD410F5-C4E8-4D12-86B4-08B190B50B63}"
EndProject
Project("{FAE04EC0-301F-11D3-BF4B-00C04F79EFBC}") = "L5Sharp.Core", "L5Sharp.Core\L5Sharp.Core.csproj", "{927D481B-CB0E-4FA5-A5DC-98D8ECE5EF56}"
EndProject
Project("{FAE04EC0-301F-11D3-BF4B-00C04F79EFBC}") = "L5Sharp.Benchmarks", "..\tests\L5Sharp.Benchmarks\L5Sharp.Benchmarks.csproj", "{F52CE1E1-B8AC-431B-901F-55824D6F5E40}"
EndProject
Project("{FAE04EC0-301F-11D3-BF4B-00C04F79EFBC}") = "L5Sharp.Console", "..\tests\L5Sharp.Console\L5Sharp.Console.csproj", "{67153CB1-10AF-4D21-A262-CBEFB4690D41}"
EndProject
Project("{FAE04EC0-301F-11D3-BF4B-00C04F79EFBC}") = "L5Sharp.Logix", "L5Sharp.Logix\L5Sharp.Logix.csproj", "{F502A3D0-AC0E-41EF-9689-433B1E2728E1}"
EndProject
Project("{FAE04EC0-301F-11D3-BF4B-00C04F79EFBC}") = "L5Sharp.Tests.Logix", "..\tests\L5Sharp.Tests.Logix\L5Sharp.Tests.Logix.csproj", "{7DF13FE2-259F-4236-9201-D7430B9FF4DA}"
EndProject
Global
	GlobalSection(SolutionConfigurationPlatforms) = preSolution
		Debug|Any CPU = Debug|Any CPU
		Release|Any CPU = Release|Any CPU
	EndGlobalSection
	GlobalSection(ProjectConfigurationPlatforms) = postSolution
		{FED5FACA-5568-4A3F-94C0-536D9E36CA26}.Debug|Any CPU.ActiveCfg = Debug|Any CPU
		{FED5FACA-5568-4A3F-94C0-536D9E36CA26}.Debug|Any CPU.Build.0 = Debug|Any CPU
		{FED5FACA-5568-4A3F-94C0-536D9E36CA26}.Release|Any CPU.ActiveCfg = Release|Any CPU
		{FED5FACA-5568-4A3F-94C0-536D9E36CA26}.Release|Any CPU.Build.0 = Release|Any CPU
		{EBD410F5-C4E8-4D12-86B4-08B190B50B63}.Debug|Any CPU.ActiveCfg = Debug|Any CPU
		{EBD410F5-C4E8-4D12-86B4-08B190B50B63}.Debug|Any CPU.Build.0 = Debug|Any CPU
		{EBD410F5-C4E8-4D12-86B4-08B190B50B63}.Release|Any CPU.ActiveCfg = Release|Any CPU
		{EBD410F5-C4E8-4D12-86B4-08B190B50B63}.Release|Any CPU.Build.0 = Release|Any CPU
		{927D481B-CB0E-4FA5-A5DC-98D8ECE5EF56}.Debug|Any CPU.ActiveCfg = Debug|Any CPU
		{927D481B-CB0E-4FA5-A5DC-98D8ECE5EF56}.Debug|Any CPU.Build.0 = Debug|Any CPU
		{927D481B-CB0E-4FA5-A5DC-98D8ECE5EF56}.Release|Any CPU.ActiveCfg = Release|Any CPU
		{927D481B-CB0E-4FA5-A5DC-98D8ECE5EF56}.Release|Any CPU.Build.0 = Release|Any CPU
		{F52CE1E1-B8AC-431B-901F-55824D6F5E40}.Debug|Any CPU.ActiveCfg = Debug|Any CPU
		{F52CE1E1-B8AC-431B-901F-55824D6F5E40}.Debug|Any CPU.Build.0 = Debug|Any CPU
		{F52CE1E1-B8AC-431B-901F-55824D6F5E40}.Release|Any CPU.ActiveCfg = Release|Any CPU
		{F52CE1E1-B8AC-431B-901F-55824D6F5E40}.Release|Any CPU.Build.0 = Release|Any CPU
		{67153CB1-10AF-4D21-A262-CBEFB4690D41}.Debug|Any CPU.ActiveCfg = Debug|Any CPU
		{67153CB1-10AF-4D21-A262-CBEFB4690D41}.Debug|Any CPU.Build.0 = Debug|Any CPU
		{67153CB1-10AF-4D21-A262-CBEFB4690D41}.Release|Any CPU.ActiveCfg = Release|Any CPU
		{67153CB1-10AF-4D21-A262-CBEFB4690D41}.Release|Any CPU.Build.0 = Release|Any CPU
		{F502A3D0-AC0E-41EF-9689-433B1E2728E1}.Debug|Any CPU.ActiveCfg = Debug|Any CPU
		{F502A3D0-AC0E-41EF-9689-433B1E2728E1}.Debug|Any CPU.Build.0 = Debug|Any CPU
		{F502A3D0-AC0E-41EF-9689-433B1E2728E1}.Release|Any CPU.ActiveCfg = Release|Any CPU
		{F502A3D0-AC0E-41EF-9689-433B1E2728E1}.Release|Any CPU.Build.0 = Release|Any CPU
		{7DF13FE2-259F-4236-9201-D7430B9FF4DA}.Debug|Any CPU.ActiveCfg = Debug|Any CPU
		{7DF13FE2-259F-4236-9201-D7430B9FF4DA}.Debug|Any CPU.Build.0 = Debug|Any CPU
		{7DF13FE2-259F-4236-9201-D7430B9FF4DA}.Release|Any CPU.ActiveCfg = Release|Any CPU
		{7DF13FE2-259F-4236-9201-D7430B9FF4DA}.Release|Any CPU.Build.0 = Release|Any CPU
	EndGlobalSection
	GlobalSection(NestedProjects) = preSolution
		{FED5FACA-5568-4A3F-94C0-536D9E36CA26} = {337B58B2-5647-4088-8CB3-50B3752B04D8}
		{EBD410F5-C4E8-4D12-86B4-08B190B50B63} = {337B58B2-5647-4088-8CB3-50B3752B04D8}
		{F52CE1E1-B8AC-431B-901F-55824D6F5E40} = {337B58B2-5647-4088-8CB3-50B3752B04D8}
		{67153CB1-10AF-4D21-A262-CBEFB4690D41} = {337B58B2-5647-4088-8CB3-50B3752B04D8}
		{7DF13FE2-259F-4236-9201-D7430B9FF4DA} = {337B58B2-5647-4088-8CB3-50B3752B04D8}
	EndGlobalSection
EndGlobal
