
Microsoft Visual Studio Solution File, Format Version 12.00
Project("{2150E333-8FDC-42A3-9474-1A3956D46DE8}") = "Tests", "Tests", "{337B58B2-5647-4088-8CB3-50B3752B04D8}"
EndProject
Project("{FAE04EC0-301F-11D3-BF4B-00C04F79EFBC}") = "L5Sharp.Tests.Core", "..\tests\L5Sharp.Tests.Core\L5Sharp.Tests.Core.csproj", "{FED5FACA-5568-4A3F-94C0-536D9E36CA26}"
EndProject
Project("{FAE04EC0-301F-11D3-BF4B-00C04F79EFBC}") = "L5Sharp.Tests.Samples", "..\tests\L5Sharp.Tests.Samples\L5Sharp.Tests.Samples.csproj", "{EBD410F5-C4E8-4D12-86B4-08B190B50B63}"
EndProject
Project("{FAE04EC0-301F-11D3-BF4B-00C04F79EFBC}") = "L5Sharp.Core", "L5Sharp.Core\L5Sharp.Core.csproj", "{927D481B-CB0E-4FA5-A5DC-98D8ECE5EF56}"
EndProject
Project("{FAE04EC0-301F-11D3-BF4B-00C04F79EFBC}") = "L5Sharp.Generators", "L5Sharp.Generators\L5Sharp.Generators.csproj", "{8DED75A3-E11F-4E06-AFFF-3D34AB3C19A9}"
EndProject
Project("{FAE04EC0-301F-11D3-BF4B-00C04F79EFBC}") = "L5Sharp.Generators.Data", "L5Sharp.Generators.Data\L5Sharp.Generators.Data.csproj", "{9D94EB9B-0E9D-420C-B20E-B905D84F970F}"
EndProject
Project("{FAE04EC0-301F-11D3-BF4B-00C04F79EFBC}") = "L5Sharp.Tests.Generators.Data", "..\tests\L5Sharp.Tests.Generators.Data\L5Sharp.Tests.Generators.Data.csproj", "{F7E8CEA9-31E0-495A-B865-D392B49614E0}"
EndProject
Project("{FAE04EC0-301F-11D3-BF4B-00C04F79EFBC}") = "L5Sharp.Tests.Gateway", "..\tests\L5Sharp.Tests.Gateway\L5Sharp.Tests.Gateway.csproj", "{45DE7BA8-0B41-46F9-AE61-7C4B83C55C66}"
EndProject
Project("{FAE04EC0-301F-11D3-BF4B-00C04F79EFBC}") = "L5Sharp.Gateway", "L5Sharp.Gateway\L5Sharp.Gateway.csproj", "{9C62EE29-1434-451E-8EA0-FF09FFDA963B}"
EndProject
Project("{FAE04EC0-301F-11D3-BF4B-00C04F79EFBC}") = "L5Sharp.Tests.Generators", "..\tests\L5Sharp.Tests.Generators\L5Sharp.Tests.Generators.csproj", "{7A0D31DC-C314-4BB6-990F-DD9B6D603130}"
EndProject
Project("{FAE04EC0-301F-11D3-BF4B-00C04F79EFBC}") = "L5Sharp.Catalog", "L5Sharp.Catalog\L5Sharp.Catalog.csproj", "{E26F169B-C728-41E5-9A87-0594B0B07571}"
EndProject
Project("{FAE04EC0-301F-11D3-BF4B-00C04F79EFBC}") = "L5Sharp.Tests.Catalog", "..\tests\L5Sharp.Tests.Catalog\L5Sharp.Tests.Catalog.csproj", "{EA4219D8-A4FD-4042-B5A3-C1D6E2BFD92D}"
EndProject
Global
	GlobalSection(SolutionConfigurationPlatforms) = preSolution
		Debug|Any CPU = Debug|Any CPU
		Release|Any CPU = Release|Any CPU
	EndGlobalSection
	GlobalSection(ProjectConfigurationPlatforms) = postSolution
		{FED5FACA-5568-4A3F-94C0-536D9E36CA26}.Debug|Any CPU.ActiveCfg = Debug|Any CPU
		{FED5FACA-5568-4A3F-94C0-536D9E36CA26}.Debug|Any CPU.Build.0 = Debug|Any CPU
		{FED5FACA-5568-4A3F-94C0-536D9E36CA26}.Release|Any CPU.ActiveCfg = Release|Any CPU
		{FED5FACA-5568-4A3F-94C0-536D9E36CA26}.Release|Any CPU.Build.0 = Release|Any CPU
		{EBD410F5-C4E8-4D12-86B4-08B190B50B63}.Debug|Any CPU.ActiveCfg = Debug|Any CPU
		{EBD410F5-C4E8-4D12-86B4-08B190B50B63}.Debug|Any CPU.Build.0 = Debug|Any CPU
		{EBD410F5-C4E8-4D12-86B4-08B190B50B63}.Release|Any CPU.ActiveCfg = Release|Any CPU
		{EBD410F5-C4E8-4D12-86B4-08B190B50B63}.Release|Any CPU.Build.0 = Release|Any CPU
		{927D481B-CB0E-4FA5-A5DC-98D8ECE5EF56}.Debug|Any CPU.ActiveCfg = Debug|Any CPU
		{927D481B-CB0E-4FA5-A5DC-98D8ECE5EF56}.Debug|Any CPU.Build.0 = Debug|Any CPU
		{927D481B-CB0E-4FA5-A5DC-98D8ECE5EF56}.Release|Any CPU.ActiveCfg = Release|Any CPU
		{927D481B-CB0E-4FA5-A5DC-98D8ECE5EF56}.Release|Any CPU.Build.0 = Release|Any CPU
		{8DED75A3-E11F-4E06-AFFF-3D34AB3C19A9}.Debug|Any CPU.ActiveCfg = Debug|Any CPU
		{8DED75A3-E11F-4E06-AFFF-3D34AB3C19A9}.Debug|Any CPU.Build.0 = Debug|Any CPU
		{8DED75A3-E11F-4E06-AFFF-3D34AB3C19A9}.Release|Any CPU.ActiveCfg = Release|Any CPU
		{8DED75A3-E11F-4E06-AFFF-3D34AB3C19A9}.Release|Any CPU.Build.0 = Release|Any CPU
		{9D94EB9B-0E9D-420C-B20E-B905D84F970F}.Debug|Any CPU.ActiveCfg = Debug|Any CPU
		{9D94EB9B-0E9D-420C-B20E-B905D84F970F}.Debug|Any CPU.Build.0 = Debug|Any CPU
		{9D94EB9B-0E9D-420C-B20E-B905D84F970F}.Release|Any CPU.ActiveCfg = Release|Any CPU
		{9D94EB9B-0E9D-420C-B20E-B905D84F970F}.Release|Any CPU.Build.0 = Release|Any CPU
		{F7E8CEA9-31E0-495A-B865-D392B49614E0}.Debug|Any CPU.ActiveCfg = Debug|Any CPU
		{F7E8CEA9-31E0-495A-B865-D392B49614E0}.Debug|Any CPU.Build.0 = Debug|Any CPU
		{F7E8CEA9-31E0-495A-B865-D392B49614E0}.Release|Any CPU.ActiveCfg = Release|Any CPU
		{F7E8CEA9-31E0-495A-B865-D392B49614E0}.Release|Any CPU.Build.0 = Release|Any CPU
		{45DE7BA8-0B41-46F9-AE61-7C4B83C55C66}.Debug|Any CPU.ActiveCfg = Debug|Any CPU
		{45DE7BA8-0B41-46F9-AE61-7C4B83C55C66}.Debug|Any CPU.Build.0 = Debug|Any CPU
		{45DE7BA8-0B41-46F9-AE61-7C4B83C55C66}.Release|Any CPU.ActiveCfg = Release|Any CPU
		{45DE7BA8-0B41-46F9-AE61-7C4B83C55C66}.Release|Any CPU.Build.0 = Release|Any CPU
		{9C62EE29-1434-451E-8EA0-FF09FFDA963B}.Debug|Any CPU.ActiveCfg = Debug|Any CPU
		{9C62EE29-1434-451E-8EA0-FF09FFDA963B}.Debug|Any CPU.Build.0 = Debug|Any CPU
		{9C62EE29-1434-451E-8EA0-FF09FFDA963B}.Release|Any CPU.ActiveCfg = Release|Any CPU
		{9C62EE29-1434-451E-8EA0-FF09FFDA963B}.Release|Any CPU.Build.0 = Release|Any CPU
		{7A0D31DC-C314-4BB6-990F-DD9B6D603130}.Debug|Any CPU.ActiveCfg = Debug|Any CPU
		{7A0D31DC-C314-4BB6-990F-DD9B6D603130}.Debug|Any CPU.Build.0 = Debug|Any CPU
		{7A0D31DC-C314-4BB6-990F-DD9B6D603130}.Release|Any CPU.ActiveCfg = Release|Any CPU
		{7A0D31DC-C314-4BB6-990F-DD9B6D603130}.Release|Any CPU.Build.0 = Release|Any CPU
		{E26F169B-C728-41E5-9A87-0594B0B07571}.Debug|Any CPU.ActiveCfg = Debug|Any CPU
		{E26F169B-C728-41E5-9A87-0594B0B07571}.Debug|Any CPU.Build.0 = Debug|Any CPU
		{E26F169B-C728-41E5-9A87-0594B0B07571}.Release|Any CPU.ActiveCfg = Release|Any CPU
		{E26F169B-C728-41E5-9A87-0594B0B07571}.Release|Any CPU.Build.0 = Release|Any CPU
		{EA4219D8-A4FD-4042-B5A3-C1D6E2BFD92D}.Debug|Any CPU.ActiveCfg = Debug|Any CPU
		{EA4219D8-A4FD-4042-B5A3-C1D6E2BFD92D}.Debug|Any CPU.Build.0 = Debug|Any CPU
		{EA4219D8-A4FD-4042-B5A3-C1D6E2BFD92D}.Release|Any CPU.ActiveCfg = Release|Any CPU
		{EA4219D8-A4FD-4042-B5A3-C1D6E2BFD92D}.Release|Any CPU.Build.0 = Release|Any CPU
	EndGlobalSection
	GlobalSection(NestedProjects) = preSolution
		{FED5FACA-5568-4A3F-94C0-536D9E36CA26} = {337B58B2-5647-4088-8CB3-50B3752B04D8}
		{EBD410F5-C4E8-4D12-86B4-08B190B50B63} = {337B58B2-5647-4088-8CB3-50B3752B04D8}
		{F7E8CEA9-31E0-495A-B865-D392B49614E0} = {337B58B2-5647-4088-8CB3-50B3752B04D8}
		{45DE7BA8-0B41-46F9-AE61-7C4B83C55C66} = {337B58B2-5647-4088-8CB3-50B3752B04D8}
		{7A0D31DC-C314-4BB6-990F-DD9B6D603130} = {337B58B2-5647-4088-8CB3-50B3752B04D8}
		{EA4219D8-A4FD-4042-B5A3-C1D6E2BFD92D} = {337B58B2-5647-4088-8CB3-50B3752B04D8}
	EndGlobalSection
EndGlobal
